# THIS IS AN AUTOGENERATED FILE. DO NOT EDIT THIS FILE DIRECTLY.
# yarn lockfile v1


hotkeys-js@>=3:
  version "3.8.7"
  resolved "https://registry.yarnpkg.com/hotkeys-js/-/hotkeys-js-3.8.7.tgz#c16cab978b53d7242f860ca3932e976b92399981"
  integrity sha512-ckAx3EkUr5XjDwjEHDorHxRO2Kb7z6Z2Sxul4MbBkN8Nho7XDslQsgMJT+CiJ5Z4TgRxxvKHEpuLE3imzqy4Lg==

stimulus-use@^0.41.0:
  version "0.41.0"
  resolved "https://registry.yarnpkg.com/stimulus-use/-/stimulus-use-0.41.0.tgz#afe2559281ebe0504b1d35eb0e8e77df9ebd6fb6"
  integrity sha512-d+XWb5YN2L9I+4zQDtE1sJVy1DBO+1qgNcjV0XpMw7KXPJ8m8JA5lcJk3qgbxV86ePHko0CP9F3dzVsapQwzmA==
  dependencies:
    hotkeys-js ">=3"
